
Microsoft Visual Studio Solution File, Format Version 12.00
# Visual Studio 15
VisualStudioVersion = 15.0.27428.2005
MinimumVisualStudioVersion = 10.0.40219.1
Project("{FAE04EC0-301F-11D3-BF4B-00C04F79EFBC}") = "text-redactor", "text-redactor\text-redactor.csproj", "{D2BEF3A9-59AA-4EE8-B930-0AA14F6C4641}"
EndProject
Global
	GlobalSection(SolutionConfigurationPlatforms) = preSolution
		Debug|Any CPU = Debug|Any CPU
		Release|Any CPU = Release|Any CPU
	EndGlobalSection
	GlobalSection(ProjectConfigurationPlatforms) = postSolution
		{D2BEF3A9-59AA-4EE8-B930-0AA14F6C4641}.Debug|Any CPU.ActiveCfg = Debug|Any CPU
		{D2BEF3A9-59AA-4EE8-B930-0AA14F6C4641}.Debug|Any CPU.Build.0 = Debug|Any CPU
		{D2BEF3A9-59AA-4EE8-B930-0AA14F6C4641}.Release|Any CPU.ActiveCfg = Release|Any CPU
		{D2BEF3A9-59AA-4EE8-B930-0AA14F6C4641}.Release|Any CPU.Build.0 = Release|Any CPU
	EndGlobalSection
	GlobalSection(SolutionProperties) = preSolution
		HideSolutionNode = FALSE
	EndGlobalSection
	GlobalSection(ExtensibilityGlobals) = postSolution
		SolutionGuid = {F2CBD9D5-66E9-4EAD-933D-DFF96DF54F23}
	EndGlobalSection
EndGlobal
